
Microsoft Visual Studio Solution File, Format Version 12.00
# Visual Studio Version 17
VisualStudioVersion = 17.13.35919.96 d17.13
MinimumVisualStudioVersion = 10.0.40219.1
Project("{FAE04EC0-301F-11D3-BF4B-00C04F79EFBC}") = "NomenclatureCommon", "NomenclatureCommon\NomenclatureCommon.csproj", "{98937786-64D1-4918-8245-E0516187DD2E}"
EndProject
Project("{FAE04EC0-301F-11D3-BF4B-00C04F79EFBC}") = "NomenclatureServer", "NomenclatureServer\NomenclatureServer.csproj", "{5259D7B7-79ED-4EE4-905B-A2210582A982}"
EndProject
Project("{FAE04EC0-301F-11D3-BF4B-00C04F79EFBC}") = "Nomenclature", "Nomenclature\Nomenclature.csproj", "{57C17EB1-CB3C-5888-0C79-E0300B96DA91}"
EndProject
Global
	GlobalSection(SolutionConfigurationPlatforms) = preSolution
		Debug|Any CPU = Debug|Any CPU
		Release|Any CPU = Release|Any CPU
	EndGlobalSection
	GlobalSection(ProjectConfigurationPlatforms) = postSolution
		{98937786-64D1-4918-8245-E0516187DD2E}.Debug|Any CPU.ActiveCfg = Debug|Any CPU
		{98937786-64D1-4918-8245-E0516187DD2E}.Debug|Any CPU.Build.0 = Debug|Any CPU
		{98937786-64D1-4918-8245-E0516187DD2E}.Release|Any CPU.ActiveCfg = Release|Any CPU
		{98937786-64D1-4918-8245-E0516187DD2E}.Release|Any CPU.Build.0 = Release|Any CPU
		{5259D7B7-79ED-4EE4-905B-A2210582A982}.Debug|Any CPU.ActiveCfg = Debug|Any CPU
		{5259D7B7-79ED-4EE4-905B-A2210582A982}.Debug|Any CPU.Build.0 = Debug|Any CPU
		{5259D7B7-79ED-4EE4-905B-A2210582A982}.Release|Any CPU.ActiveCfg = Release|Any CPU
		{5259D7B7-79ED-4EE4-905B-A2210582A982}.Release|Any CPU.Build.0 = Release|Any CPU
		{57C17EB1-CB3C-5888-0C79-E0300B96DA91}.Debug|Any CPU.ActiveCfg = Debug|x64
		{57C17EB1-CB3C-5888-0C79-E0300B96DA91}.Debug|Any CPU.Build.0 = Debug|x64
		{57C17EB1-CB3C-5888-0C79-E0300B96DA91}.Release|Any CPU.ActiveCfg = Release|x64
		{57C17EB1-CB3C-5888-0C79-E0300B96DA91}.Release|Any CPU.Build.0 = Release|x64
	EndGlobalSection
	GlobalSection(SolutionProperties) = preSolution
		HideSolutionNode = FALSE
	EndGlobalSection
EndGlobal
